
Microsoft Visual Studio Solution File, Format Version 12.00
# Visual Studio Version 16
VisualStudioVersion = 16.0.810.20
MinimumVisualStudioVersion = 10.0.40219.1
Project("{FAE04EC0-301F-11D3-BF4B-00C04F79EFBC}") = "XeynergyAPI", "XeynergyAPI\XeynergyAPI.csproj", "{4E72EA16-21B4-4B11-A72B-06688D8F6E78}"
EndProject
Global
	GlobalSection(SolutionConfigurationPlatforms) = preSolution
		Debug|Any CPU = Debug|Any CPU
		Release|Any CPU = Release|Any CPU
	EndGlobalSection
	GlobalSection(ProjectConfigurationPlatforms) = postSolution
		{4E72EA16-21B4-4B11-A72B-06688D8F6E78}.Debug|Any CPU.ActiveCfg = Debug|Any CPU
		{4E72EA16-21B4-4B11-A72B-06688D8F6E78}.Debug|Any CPU.Build.0 = Debug|Any CPU
		{4E72EA16-21B4-4B11-A72B-06688D8F6E78}.Release|Any CPU.ActiveCfg = Release|Any CPU
		{4E72EA16-21B4-4B11-A72B-06688D8F6E78}.Release|Any CPU.Build.0 = Release|Any CPU
	EndGlobalSection
	GlobalSection(SolutionProperties) = preSolution
		HideSolutionNode = FALSE
	EndGlobalSection
	GlobalSection(ExtensibilityGlobals) = postSolution
		SolutionGuid = {F1E87C21-BBDC-435A-BEDA-C1BEF260EE57}
	EndGlobalSection
EndGlobal
